
Microsoft Visual Studio Solution File, Format Version 12.00
# Visual Studio 2013
VisualStudioVersion = 12.0.21005.1
MinimumVisualStudioVersion = 10.0.40219.1
Project("{FAE04EC0-301F-11D3-BF4B-00C04F79EFBC}") = "Shadowbane Character Builder", "Shadowbane Character Builder\Shadowbane Character Builder.csproj", "{55350376-B64B-49BC-9D86-5349F7C4C0DA}"
EndProject
Global
	GlobalSection(SolutionConfigurationPlatforms) = preSolution
		Debug|Any CPU = Debug|Any CPU
		Release|Any CPU = Release|Any CPU
	EndGlobalSection
	GlobalSection(ProjectConfigurationPlatforms) = postSolution
		{55350376-B64B-49BC-9D86-5349F7C4C0DA}.Debug|Any CPU.ActiveCfg = Debug|Any CPU
		{55350376-B64B-49BC-9D86-5349F7C4C0DA}.Debug|Any CPU.Build.0 = Debug|Any CPU
		{55350376-B64B-49BC-9D86-5349F7C4C0DA}.Release|Any CPU.ActiveCfg = Release|Any CPU
		{55350376-B64B-49BC-9D86-5349F7C4C0DA}.Release|Any CPU.Build.0 = Release|Any CPU
	EndGlobalSection
	GlobalSection(SolutionProperties) = preSolution
		HideSolutionNode = FALSE
	EndGlobalSection
EndGlobal
